
Microsoft Visual Studio Solution File, Format Version 12.00
# Visual Studio Version 17
VisualStudioVersion = 17.0.31903.59
MinimumVisualStudioVersion = 10.0.40219.1
Project("{FAE04EC0-301F-11D3-BF4B-00C04F79EFBC}") = "HelloWebApp", "HelloWebApp\HelloWebApp.csproj", "{48815C5A-A227-44AE-8186-A39FD558B6DF}"
EndProject
Project("{FAE04EC0-301F-11D3-BF4B-00C04F79EFBC}") = "MyStore", "MyStore\MyStore.csproj", "{AA9F7CF9-0D63-400F-B54D-4AD48B975333}"
EndProject
Project("{FAE04EC0-301F-11D3-BF4B-00C04F79EFBC}") = "SimpleLogin", "SimpleLogin\SimpleLogin.csproj", "{0410BF99-9DAB-4364-8FE5-1DE1CFD5A705}"
EndProject
Global
	GlobalSection(SolutionConfigurationPlatforms) = preSolution
		Debug|Any CPU = Debug|Any CPU
		Release|Any CPU = Release|Any CPU
	EndGlobalSection
	GlobalSection(SolutionProperties) = preSolution
		HideSolutionNode = FALSE
	EndGlobalSection
	GlobalSection(ProjectConfigurationPlatforms) = postSolution
		{48815C5A-A227-44AE-8186-A39FD558B6DF}.Debug|Any CPU.ActiveCfg = Debug|Any CPU
		{48815C5A-A227-44AE-8186-A39FD558B6DF}.Debug|Any CPU.Build.0 = Debug|Any CPU
		{48815C5A-A227-44AE-8186-A39FD558B6DF}.Release|Any CPU.ActiveCfg = Release|Any CPU
		{48815C5A-A227-44AE-8186-A39FD558B6DF}.Release|Any CPU.Build.0 = Release|Any CPU
		{AA9F7CF9-0D63-400F-B54D-4AD48B975333}.Debug|Any CPU.ActiveCfg = Debug|Any CPU
		{AA9F7CF9-0D63-400F-B54D-4AD48B975333}.Debug|Any CPU.Build.0 = Debug|Any CPU
		{AA9F7CF9-0D63-400F-B54D-4AD48B975333}.Release|Any CPU.ActiveCfg = Release|Any CPU
		{AA9F7CF9-0D63-400F-B54D-4AD48B975333}.Release|Any CPU.Build.0 = Release|Any CPU
		{0410BF99-9DAB-4364-8FE5-1DE1CFD5A705}.Debug|Any CPU.ActiveCfg = Debug|Any CPU
		{0410BF99-9DAB-4364-8FE5-1DE1CFD5A705}.Debug|Any CPU.Build.0 = Debug|Any CPU
		{0410BF99-9DAB-4364-8FE5-1DE1CFD5A705}.Release|Any CPU.ActiveCfg = Release|Any CPU
		{0410BF99-9DAB-4364-8FE5-1DE1CFD5A705}.Release|Any CPU.Build.0 = Release|Any CPU
	EndGlobalSection
EndGlobal
